
Microsoft Visual Studio Solution File, Format Version 12.00
# Visual Studio 15
VisualStudioVersion = 15.0.26730.16
MinimumVisualStudioVersion = 10.0.40219.1
Project("{2150E333-8FDC-42A3-9474-1A3956D46DE8}") = ".paket", ".paket", "{867813BE-358B-4C9E-9FA6-07168882AA9D}"
	ProjectSection(SolutionItems) = preProject
		appveyor.yml = appveyor.yml
		paket.dependencies = paket.dependencies
		paket.lock = paket.lock
		.paket\Readme.paket.md = .paket\Readme.paket.md
	EndProjectSection
EndProject
Project("{FAE04EC0-301F-11D3-BF4B-00C04F79EFBC}") = "Gu.Wpf.Localization", "Gu.Wpf.Localization\Gu.Wpf.Localization.csproj", "{B5BA2BCC-6CA4-4422-9220-FDEDD657BA0E}"
EndProject
Project("{FAE04EC0-301F-11D3-BF4B-00C04F79EFBC}") = "Gu.Wpf.Localization.Tests", "Gu.Wpf.Localization.Tests\Gu.Wpf.Localization.Tests.csproj", "{51091D53-D0DF-4543-BB35-B7A52373AD9A}"
EndProject
Project("{FAE04EC0-301F-11D3-BF4B-00C04F79EFBC}") = "Gu.Wpf.Localization.Demo.Controls", "Gu.Wpf.Localization.Demo.Controls\Gu.Wpf.Localization.Demo.Controls.csproj", "{85009EF0-C922-4EDB-9648-495B56B30CFC}"
EndProject
Project("{FAE04EC0-301F-11D3-BF4B-00C04F79EFBC}") = "Gu.Wpf.Localization.NoResources", "Gu.Wpf.Localization.NoResources\Gu.Wpf.Localization.NoResources.csproj", "{A8722CC6-E477-43B6-A1A0-B7A062FBB290}"
EndProject
Project("{FAE04EC0-301F-11D3-BF4B-00C04F79EFBC}") = "Gu.Wpf.Localization.Modern.Demo", "Gu.Wpf.Localization.Modern.Demo\Gu.Wpf.Localization.Modern.Demo.csproj", "{D77D4706-D218-4DC6-B117-611AF843FED9}"
EndProject
Project("{FAE04EC0-301F-11D3-BF4B-00C04F79EFBC}") = "Gu.Localization", "Gu.Localization\Gu.Localization.csproj", "{EF992DC9-C8DF-48C4-AA2D-4126CC6CC6D4}"
EndProject
Project("{FAE04EC0-301F-11D3-BF4B-00C04F79EFBC}") = "Gu.Localization.Tests", "Gu.Localization.Tests\Gu.Localization.Tests.csproj", "{2734F4CB-08E5-445E-9AAD-F88151353B09}"
EndProject
Project("{2150E333-8FDC-42A3-9474-1A3956D46DE8}") = "Stubs", "Stubs", "{7C464917-49E0-40F2-BB85-EB16977B87A5}"
EndProject
Project("{FAE04EC0-301F-11D3-BF4B-00C04F79EFBC}") = "Gu.Wpf.Localization.UiTests", "Gu.Wpf.Localization.UiTests\Gu.Wpf.Localization.UiTests.csproj", "{C312AD79-2562-4487-AEA4-E181BB814ECC}"
EndProject
Project("{FAE04EC0-301F-11D3-BF4B-00C04F79EFBC}") = "Gu.Wpf.Localization.Demo", "Gu.Wpf.Localization.Demo\Gu.Wpf.Localization.Demo.csproj", "{24A5D9D2-60D8-47B7-8750-48E85A2218DE}"
EndProject
Project("{2150E333-8FDC-42A3-9474-1A3956D46DE8}") = "docs", "docs", "{EFFBB24C-1FAE-4E2A-B445-8C88ED2A7552}"
	ProjectSection(SolutionItems) = preProject
		LICENSE.md = LICENSE.md
		README.md = README.md
		.paket\Readme.paket.md = .paket\Readme.paket.md
		RELEASE_NOTES.md = RELEASE_NOTES.md
	EndProjectSection
EndProject
Project("{FAE04EC0-301F-11D3-BF4B-00C04F79EFBC}") = "Gu.Wpf.Localization.WithNeutralLanguage", "Gu.Wpf.Localization.WithNeutralLanguage\Gu.Wpf.Localization.WithNeutralLanguage.csproj", "{8F238B89-C06A-4935-8EE9-1E84D297DC4E}"
EndProject
Global
	GlobalSection(SolutionConfigurationPlatforms) = preSolution
		Debug|Any CPU = Debug|Any CPU
		Release|Any CPU = Release|Any CPU
	EndGlobalSection
	GlobalSection(ProjectConfigurationPlatforms) = postSolution
		{B5BA2BCC-6CA4-4422-9220-FDEDD657BA0E}.Debug|Any CPU.ActiveCfg = Debug|Any CPU
		{B5BA2BCC-6CA4-4422-9220-FDEDD657BA0E}.Debug|Any CPU.Build.0 = Debug|Any CPU
		{B5BA2BCC-6CA4-4422-9220-FDEDD657BA0E}.Release|Any CPU.ActiveCfg = Release|Any CPU
		{B5BA2BCC-6CA4-4422-9220-FDEDD657BA0E}.Release|Any CPU.Build.0 = Release|Any CPU
		{51091D53-D0DF-4543-BB35-B7A52373AD9A}.Debug|Any CPU.ActiveCfg = Debug|Any CPU
		{51091D53-D0DF-4543-BB35-B7A52373AD9A}.Debug|Any CPU.Build.0 = Debug|Any CPU
		{51091D53-D0DF-4543-BB35-B7A52373AD9A}.Release|Any CPU.ActiveCfg = Release|Any CPU
		{51091D53-D0DF-4543-BB35-B7A52373AD9A}.Release|Any CPU.Build.0 = Release|Any CPU
		{85009EF0-C922-4EDB-9648-495B56B30CFC}.Debug|Any CPU.ActiveCfg = Debug|Any CPU
		{85009EF0-C922-4EDB-9648-495B56B30CFC}.Debug|Any CPU.Build.0 = Debug|Any CPU
		{85009EF0-C922-4EDB-9648-495B56B30CFC}.Release|Any CPU.ActiveCfg = Release|Any CPU
		{85009EF0-C922-4EDB-9648-495B56B30CFC}.Release|Any CPU.Build.0 = Release|Any CPU
		{A8722CC6-E477-43B6-A1A0-B7A062FBB290}.Debug|Any CPU.ActiveCfg = Debug|Any CPU
		{A8722CC6-E477-43B6-A1A0-B7A062FBB290}.Debug|Any CPU.Build.0 = Debug|Any CPU
		{A8722CC6-E477-43B6-A1A0-B7A062FBB290}.Release|Any CPU.ActiveCfg = Release|Any CPU
		{A8722CC6-E477-43B6-A1A0-B7A062FBB290}.Release|Any CPU.Build.0 = Release|Any CPU
		{D77D4706-D218-4DC6-B117-611AF843FED9}.Debug|Any CPU.ActiveCfg = Debug|Any CPU
		{D77D4706-D218-4DC6-B117-611AF843FED9}.Debug|Any CPU.Build.0 = Debug|Any CPU
		{D77D4706-D218-4DC6-B117-611AF843FED9}.Release|Any CPU.ActiveCfg = Release|Any CPU
		{D77D4706-D218-4DC6-B117-611AF843FED9}.Release|Any CPU.Build.0 = Release|Any CPU
		{EF992DC9-C8DF-48C4-AA2D-4126CC6CC6D4}.Debug|Any CPU.ActiveCfg = Debug|Any CPU
		{EF992DC9-C8DF-48C4-AA2D-4126CC6CC6D4}.Debug|Any CPU.Build.0 = Debug|Any CPU
		{EF992DC9-C8DF-48C4-AA2D-4126CC6CC6D4}.Release|Any CPU.ActiveCfg = Release|Any CPU
		{EF992DC9-C8DF-48C4-AA2D-4126CC6CC6D4}.Release|Any CPU.Build.0 = Release|Any CPU
		{2734F4CB-08E5-445E-9AAD-F88151353B09}.Debug|Any CPU.ActiveCfg = Debug|Any CPU
		{2734F4CB-08E5-445E-9AAD-F88151353B09}.Debug|Any CPU.Build.0 = Debug|Any CPU
		{2734F4CB-08E5-445E-9AAD-F88151353B09}.Release|Any CPU.ActiveCfg = Release|Any CPU
		{2734F4CB-08E5-445E-9AAD-F88151353B09}.Release|Any CPU.Build.0 = Release|Any CPU
		{C312AD79-2562-4487-AEA4-E181BB814ECC}.Debug|Any CPU.ActiveCfg = Debug|Any CPU
		{C312AD79-2562-4487-AEA4-E181BB814ECC}.Debug|Any CPU.Build.0 = Debug|Any CPU
		{C312AD79-2562-4487-AEA4-E181BB814ECC}.Release|Any CPU.ActiveCfg = Release|Any CPU
		{C312AD79-2562-4487-AEA4-E181BB814ECC}.Release|Any CPU.Build.0 = Release|Any CPU
		{24A5D9D2-60D8-47B7-8750-48E85A2218DE}.Debug|Any CPU.ActiveCfg = Debug|Any CPU
		{24A5D9D2-60D8-47B7-8750-48E85A2218DE}.Debug|Any CPU.Build.0 = Debug|Any CPU
		{24A5D9D2-60D8-47B7-8750-48E85A2218DE}.Release|Any CPU.ActiveCfg = Release|Any CPU
		{24A5D9D2-60D8-47B7-8750-48E85A2218DE}.Release|Any CPU.Build.0 = Release|Any CPU
		{8F238B89-C06A-4935-8EE9-1E84D297DC4E}.Debug|Any CPU.ActiveCfg = Debug|Any CPU
		{8F238B89-C06A-4935-8EE9-1E84D297DC4E}.Debug|Any CPU.Build.0 = Debug|Any CPU
		{8F238B89-C06A-4935-8EE9-1E84D297DC4E}.Release|Any CPU.ActiveCfg = Release|Any CPU
		{8F238B89-C06A-4935-8EE9-1E84D297DC4E}.Release|Any CPU.Build.0 = Release|Any CPU
	EndGlobalSection
	GlobalSection(SolutionProperties) = preSolution
		HideSolutionNode = FALSE
	EndGlobalSection
	GlobalSection(NestedProjects) = preSolution
		{85009EF0-C922-4EDB-9648-495B56B30CFC} = {7C464917-49E0-40F2-BB85-EB16977B87A5}
		{A8722CC6-E477-43B6-A1A0-B7A062FBB290} = {7C464917-49E0-40F2-BB85-EB16977B87A5}
		{D77D4706-D218-4DC6-B117-611AF843FED9} = {7C464917-49E0-40F2-BB85-EB16977B87A5}
		{8F238B89-C06A-4935-8EE9-1E84D297DC4E} = {7C464917-49E0-40F2-BB85-EB16977B87A5}
	EndGlobalSection
	GlobalSection(ExtensibilityGlobals) = postSolution
		SolutionGuid = {935956A3-D560-462A-9FED-3A2E80C0C591}
	EndGlobalSection
EndGlobal
