
Microsoft Visual Studio Solution File, Format Version 12.00
# Visual Studio 2013
VisualStudioVersion = 12.0.30723.0
MinimumVisualStudioVersion = 10.0.40219.1
Project("{FAE04EC0-301F-11D3-BF4B-00C04F79EFBC}") = "Gu.Wpf.Localization", "Gu.Wpf.Localization\Gu.Wpf.Localization.csproj", "{B5BA2BCC-6CA4-4422-9220-FDEDD657BA0E}"
EndProject
Project("{FAE04EC0-301F-11D3-BF4B-00C04F79EFBC}") = "Gu.Wpf.Localization.Tests", "Gu.Wpf.Localization.Tests\Gu.Wpf.Localization.Tests.csproj", "{51091D53-D0DF-4543-BB35-B7A52373AD9A}"
EndProject
Project("{2150E333-8FDC-42A3-9474-1A3956D46DE8}") = ".nuget", ".nuget", "{7BCC1395-0ADB-4E76-A6C6-1F77A78022AD}"
	ProjectSection(SolutionItems) = preProject
		.nuget\NuGet.Config = .nuget\NuGet.Config
		.nuget\NuGet.exe = .nuget\NuGet.exe
		.nuget\NuGet.targets = .nuget\NuGet.targets
		.nuget\packages.config = .nuget\packages.config
	EndProjectSection
EndProject
Global
	GlobalSection(TeamFoundationVersionControl) = preSolution
		SccNumberOfProjects = 3
		SccEnterpriseProvider = {4CA58AB2-18FA-4F8D-95D4-32DDF27D184C}
		SccTeamFoundationServer = http://tfshub.sandvik.com:8080/tfs/defaultcollection
		SccProjectUniqueName0 = Gu.Wpf.Localization\\Gu.Wpf.Localization.csproj
		SccProjectName0 = Gu.Wpf.Localization
		SccLocalPath0 = Gu.Wpf.Localization
		SccProjectUniqueName1 = Gu.Wpf.Localization.Tests\\Gu.Wpf.Localization.Tests.csproj
		SccProjectName1 = Gu.Wpf.Localization.Tests
		SccLocalPath1 = Gu.Wpf.Localization.Tests
		SccLocalPath2 = .
	EndGlobalSection
	GlobalSection(SolutionConfigurationPlatforms) = preSolution
		CreateNugetPackage|Any CPU = CreateNugetPackage|Any CPU
		Debug|Any CPU = Debug|Any CPU
		Release|Any CPU = Release|Any CPU
	EndGlobalSection
	GlobalSection(ProjectConfigurationPlatforms) = postSolution
		{B5BA2BCC-6CA4-4422-9220-FDEDD657BA0E}.CreateNugetPackage|Any CPU.ActiveCfg = CreateNugetPackage|Any CPU
		{B5BA2BCC-6CA4-4422-9220-FDEDD657BA0E}.CreateNugetPackage|Any CPU.Build.0 = CreateNugetPackage|Any CPU
		{B5BA2BCC-6CA4-4422-9220-FDEDD657BA0E}.Debug|Any CPU.ActiveCfg = Debug|Any CPU
		{B5BA2BCC-6CA4-4422-9220-FDEDD657BA0E}.Debug|Any CPU.Build.0 = Debug|Any CPU
		{B5BA2BCC-6CA4-4422-9220-FDEDD657BA0E}.Release|Any CPU.ActiveCfg = Release|Any CPU
		{B5BA2BCC-6CA4-4422-9220-FDEDD657BA0E}.Release|Any CPU.Build.0 = Release|Any CPU
		{51091D53-D0DF-4543-BB35-B7A52373AD9A}.CreateNugetPackage|Any CPU.ActiveCfg = CreateNugetPackage|Any CPU
		{51091D53-D0DF-4543-BB35-B7A52373AD9A}.CreateNugetPackage|Any CPU.Build.0 = CreateNugetPackage|Any CPU
		{51091D53-D0DF-4543-BB35-B7A52373AD9A}.Debug|Any CPU.ActiveCfg = Debug|Any CPU
		{51091D53-D0DF-4543-BB35-B7A52373AD9A}.Debug|Any CPU.Build.0 = Debug|Any CPU
		{51091D53-D0DF-4543-BB35-B7A52373AD9A}.Release|Any CPU.ActiveCfg = Release|Any CPU
		{51091D53-D0DF-4543-BB35-B7A52373AD9A}.Release|Any CPU.Build.0 = Release|Any CPU
	EndGlobalSection
	GlobalSection(SolutionProperties) = preSolution
		HideSolutionNode = FALSE
	EndGlobalSection
EndGlobal
