RESTRICTION: >= net45

GROUP Analyzers
RESTRICTION: >= net45
NUGET
  remote: http://www.nuget.org/api/v2
    Gu.Analyzers (0.1.11.25-dev)
    JetBrains.Annotations (11.0)
    StyleCop.Analyzers (1.0.2)
    WpfAnalyzers (0.2.7.10)

GROUP Demo
RESTRICTION: >= net45
NUGET
  remote: http://www.nuget.org/api/v2
    ModernUI.WPF (1.0.9)

GROUP Test
RESTRICTION: >= net45
NUGET
  remote: http://www.nuget.org/api/v2
    Castle.Core (4.1.1)
    Gu.Wpf.UiAutomation (0.1.10-dev)
    Moq (4.7.99)
      Castle.Core (>= 4.1.1)
    NUnit (3.8.1)
